
Microsoft Visual Studio Solution File, Format Version 12.00
# Visual Studio Version 17
VisualStudioVersion = 17.2.32526.322
MinimumVisualStudioVersion = 10.0.40219.1
Project("{9A19103F-16F7-4668-BE54-9A1E7A4F7556}") = "PhotoPortfolio.Server", "Server\PhotoPortfolio.Server.csproj", "{BC8AFAC2-C79A-45B5-A7E0-C47A8BD2E11C}"
EndProject
Project("{9A19103F-16F7-4668-BE54-9A1E7A4F7556}") = "PhotoPortfolio.Client", "Client\PhotoPortfolio.Client.csproj", "{3F981286-695F-4070-B8CB-3204708310B1}"
EndProject
Project("{9A19103F-16F7-4668-BE54-9A1E7A4F7556}") = "PhotoPortfolio.Shared", "Shared\PhotoPortfolio.Shared.csproj", "{E98D409B-7CDA-433D-9225-B768D34D50AE}"
EndProject
Project("{9A19103F-16F7-4668-BE54-9A1E7A4F7556}") = "PhotoPortfolio.Tests", "Tests\PhotoPortfolio.Tests.csproj", "{BA5D1E42-072A-4181-8F4E-67BDEF30AFA7}"
EndProject
Project("{9A19103F-16F7-4668-BE54-9A1E7A4F7556}") = "PhotoPortfolio.Tests.Integration", "Tests.Integration\PhotoPortfolio.Tests.Integration.csproj", "{80096944-A4F0-45F4-8F46-160A4A165DC6}"
EndProject
Project("{2150E333-8FDC-42A3-9474-1A3956D46DE8}") = "Solution Items", "Solution Items", "{76BD14E2-0707-4477-82F2-9868D23FD44C}"
	ProjectSection(SolutionItems) = preProject
		.runsettings = .runsettings
	EndProjectSection
EndProject
Project("{9A19103F-16F7-4668-BE54-9A1E7A4F7556}") = "PhotoPortfolio.Tests.e2e", "Tests.e2e\PhotoPortfolio.Tests.e2e.csproj", "{1EACC2C9-4D17-41F0-BE2F-B051BE17E5DA}"
EndProject
Global
	GlobalSection(SolutionConfigurationPlatforms) = preSolution
		Debug|Any CPU = Debug|Any CPU
		Release|Any CPU = Release|Any CPU
	EndGlobalSection
	GlobalSection(ProjectConfigurationPlatforms) = postSolution
		{BC8AFAC2-C79A-45B5-A7E0-C47A8BD2E11C}.Debug|Any CPU.ActiveCfg = Debug|Any CPU
		{BC8AFAC2-C79A-45B5-A7E0-C47A8BD2E11C}.Debug|Any CPU.Build.0 = Debug|Any CPU
		{BC8AFAC2-C79A-45B5-A7E0-C47A8BD2E11C}.Release|Any CPU.ActiveCfg = Release|Any CPU
		{BC8AFAC2-C79A-45B5-A7E0-C47A8BD2E11C}.Release|Any CPU.Build.0 = Release|Any CPU
		{3F981286-695F-4070-B8CB-3204708310B1}.Debug|Any CPU.ActiveCfg = Debug|Any CPU
		{3F981286-695F-4070-B8CB-3204708310B1}.Debug|Any CPU.Build.0 = Debug|Any CPU
		{3F981286-695F-4070-B8CB-3204708310B1}.Release|Any CPU.ActiveCfg = Release|Any CPU
		{3F981286-695F-4070-B8CB-3204708310B1}.Release|Any CPU.Build.0 = Release|Any CPU
		{E98D409B-7CDA-433D-9225-B768D34D50AE}.Debug|Any CPU.ActiveCfg = Debug|Any CPU
		{E98D409B-7CDA-433D-9225-B768D34D50AE}.Debug|Any CPU.Build.0 = Debug|Any CPU
		{E98D409B-7CDA-433D-9225-B768D34D50AE}.Release|Any CPU.ActiveCfg = Release|Any CPU
		{E98D409B-7CDA-433D-9225-B768D34D50AE}.Release|Any CPU.Build.0 = Release|Any CPU
		{BA5D1E42-072A-4181-8F4E-67BDEF30AFA7}.Debug|Any CPU.ActiveCfg = Debug|Any CPU
		{BA5D1E42-072A-4181-8F4E-67BDEF30AFA7}.Debug|Any CPU.Build.0 = Debug|Any CPU
		{BA5D1E42-072A-4181-8F4E-67BDEF30AFA7}.Release|Any CPU.ActiveCfg = Release|Any CPU
		{BA5D1E42-072A-4181-8F4E-67BDEF30AFA7}.Release|Any CPU.Build.0 = Release|Any CPU
		{80096944-A4F0-45F4-8F46-160A4A165DC6}.Debug|Any CPU.ActiveCfg = Debug|Any CPU
		{80096944-A4F0-45F4-8F46-160A4A165DC6}.Debug|Any CPU.Build.0 = Debug|Any CPU
		{80096944-A4F0-45F4-8F46-160A4A165DC6}.Release|Any CPU.ActiveCfg = Release|Any CPU
		{80096944-A4F0-45F4-8F46-160A4A165DC6}.Release|Any CPU.Build.0 = Release|Any CPU
		{1EACC2C9-4D17-41F0-BE2F-B051BE17E5DA}.Debug|Any CPU.ActiveCfg = Debug|Any CPU
		{1EACC2C9-4D17-41F0-BE2F-B051BE17E5DA}.Debug|Any CPU.Build.0 = Debug|Any CPU
		{1EACC2C9-4D17-41F0-BE2F-B051BE17E5DA}.Release|Any CPU.ActiveCfg = Release|Any CPU
		{1EACC2C9-4D17-41F0-BE2F-B051BE17E5DA}.Release|Any CPU.Build.0 = Release|Any CPU
	EndGlobalSection
	GlobalSection(SolutionProperties) = preSolution
		HideSolutionNode = FALSE
	EndGlobalSection
	GlobalSection(ExtensibilityGlobals) = postSolution
		SolutionGuid = {8C48B513-1EA3-48FB-92EE-AD44B68BACCA}
	EndGlobalSection
EndGlobal
